
Microsoft Visual Studio Solution File, Format Version 12.00
# Visual Studio 14
VisualStudioVersion = 14.0.25123.0
MinimumVisualStudioVersion = 10.0.40219.1
Project("{FAE04EC0-301F-11D3-BF4B-00C04F79EFBC}") = "ProjectManagementSystem", "ProjectManagementSystem\ProjectManagementSystem.csproj", "{5BDF59B4-C6E6-4059-996E-FE6F9D1CE5B9}"
EndProject
Project("{FAE04EC0-301F-11D3-BF4B-00C04F79EFBC}") = "ProjectManagementSystem.Tests", "ProjectManagementSystem.Tests\ProjectManagementSystem.Tests.csproj", "{F475BF43-7178-4D8F-AD3B-19CCB49FF487}"
EndProject
Global
	GlobalSection(SolutionConfigurationPlatforms) = preSolution
		Debug|Any CPU = Debug|Any CPU
		Release|Any CPU = Release|Any CPU
	EndGlobalSection
	GlobalSection(ProjectConfigurationPlatforms) = postSolution
		{5BDF59B4-C6E6-4059-996E-FE6F9D1CE5B9}.Debug|Any CPU.ActiveCfg = Debug|Any CPU
		{5BDF59B4-C6E6-4059-996E-FE6F9D1CE5B9}.Debug|Any CPU.Build.0 = Debug|Any CPU
		{5BDF59B4-C6E6-4059-996E-FE6F9D1CE5B9}.Release|Any CPU.ActiveCfg = Release|Any CPU
		{5BDF59B4-C6E6-4059-996E-FE6F9D1CE5B9}.Release|Any CPU.Build.0 = Release|Any CPU
		{F475BF43-7178-4D8F-AD3B-19CCB49FF487}.Debug|Any CPU.ActiveCfg = Debug|Any CPU
		{F475BF43-7178-4D8F-AD3B-19CCB49FF487}.Debug|Any CPU.Build.0 = Debug|Any CPU
		{F475BF43-7178-4D8F-AD3B-19CCB49FF487}.Release|Any CPU.ActiveCfg = Release|Any CPU
		{F475BF43-7178-4D8F-AD3B-19CCB49FF487}.Release|Any CPU.Build.0 = Release|Any CPU
	EndGlobalSection
	GlobalSection(SolutionProperties) = preSolution
		HideSolutionNode = FALSE
	EndGlobalSection
EndGlobal
